
Microsoft Visual Studio Solution File, Format Version 12.00
# Visual Studio Version 17
VisualStudioVersion = 17.0.32014.148
MinimumVisualStudioVersion = 10.0.40219.1
Project("{2150E333-8FDC-42A3-9474-1A3956D46DE8}") = "Services", "Services", "{85BCB4D8-3354-4EF3-8E90-0DB09D2E2D66}"
EndProject
Project("{2150E333-8FDC-42A3-9474-1A3956D46DE8}") = "Catalog", "Catalog", "{01D5304A-147D-4C06-8654-DF77BCDAFB0C}"
EndProject
Project("{9A19103F-16F7-4668-BE54-9A1E7A4F7556}") = "Catalog.API", "Services\Catalog\Catalog.API\Catalog.API.csproj", "{F63FAC16-762C-4856-AD71-34CE93367957}"
EndProject
Project("{9A19103F-16F7-4668-BE54-9A1E7A4F7556}") = "Catalog.Domain", "Services\Catalog\Catalog.Domain\Catalog.Domain.csproj", "{11263988-ADEA-43F4-B096-59EE5CA295AA}"
EndProject
Project("{9A19103F-16F7-4668-BE54-9A1E7A4F7556}") = "Catalog.Infrastructure", "Services\Catalog\Catalog.Infrastructure\Catalog.Infrastructure.csproj", "{1642C2F2-9F78-44EA-98E0-BF82BEFCB6F4}"
EndProject
Project("{E53339B2-1760-4266-BCC7-CA923CBCF16C}") = "docker-compose", "docker-compose.dcproj", "{1E1D99D1-89BA-4DC0-AF45-A00AD1D67C09}"
EndProject
Project("{2150E333-8FDC-42A3-9474-1A3956D46DE8}") = "Order", "Order", "{B7946D27-E65B-408E-AF67-2AB6DF07DA54}"
EndProject
Project("{FAE04EC0-301F-11D3-BF4B-00C04F79EFBC}") = "Order.API", "Services\Order\Order.API\Order.API.csproj", "{F2395E2F-BC50-4AE3-9AB4-1A439A7993D2}"
EndProject
Project("{2150E333-8FDC-42A3-9474-1A3956D46DE8}") = "ApiGateways", "ApiGateways", "{C845B9C5-DDC7-4B2D-B03B-A626484C7B88}"
EndProject
Project("{FAE04EC0-301F-11D3-BF4B-00C04F79EFBC}") = "OcelotApiGw", "Services\ApiGateways\OcelotApiGw\OcelotApiGw.csproj", "{A3DF49BD-39DA-43CC-BEB7-FF614D974D81}"
EndProject
Project("{2150E333-8FDC-42A3-9474-1A3956D46DE8}") = "Payment", "Payment", "{F53E2AA3-A8E2-4B1A-95D5-6D7C6929835D}"
EndProject
Project("{FAE04EC0-301F-11D3-BF4B-00C04F79EFBC}") = "Payment.API", "Services\Payment\Payment.API\Payment.API.csproj", "{8864290F-909B-48B9-BE53-738E75DD3E2D}"
EndProject
Project("{2150E333-8FDC-42A3-9474-1A3956D46DE8}") = "Identity", "Identity", "{7BDBBC41-B932-4C2C-9A29-67B66CADCDE5}"
EndProject
Project("{FAE04EC0-301F-11D3-BF4B-00C04F79EFBC}") = "Identity.API", "Services\Identity\Identity.API\Identity.API.csproj", "{C666425F-212B-4076-9F3D-DDD6033023FD}"
EndProject
Global
	GlobalSection(SolutionConfigurationPlatforms) = preSolution
		Debug|Any CPU = Debug|Any CPU
		Release|Any CPU = Release|Any CPU
	EndGlobalSection
	GlobalSection(ProjectConfigurationPlatforms) = postSolution
		{F63FAC16-762C-4856-AD71-34CE93367957}.Debug|Any CPU.ActiveCfg = Debug|Any CPU
		{F63FAC16-762C-4856-AD71-34CE93367957}.Debug|Any CPU.Build.0 = Debug|Any CPU
		{F63FAC16-762C-4856-AD71-34CE93367957}.Release|Any CPU.ActiveCfg = Release|Any CPU
		{F63FAC16-762C-4856-AD71-34CE93367957}.Release|Any CPU.Build.0 = Release|Any CPU
		{11263988-ADEA-43F4-B096-59EE5CA295AA}.Debug|Any CPU.ActiveCfg = Debug|Any CPU
		{11263988-ADEA-43F4-B096-59EE5CA295AA}.Debug|Any CPU.Build.0 = Debug|Any CPU
		{11263988-ADEA-43F4-B096-59EE5CA295AA}.Release|Any CPU.ActiveCfg = Release|Any CPU
		{11263988-ADEA-43F4-B096-59EE5CA295AA}.Release|Any CPU.Build.0 = Release|Any CPU
		{1642C2F2-9F78-44EA-98E0-BF82BEFCB6F4}.Debug|Any CPU.ActiveCfg = Debug|Any CPU
		{1642C2F2-9F78-44EA-98E0-BF82BEFCB6F4}.Debug|Any CPU.Build.0 = Debug|Any CPU
		{1642C2F2-9F78-44EA-98E0-BF82BEFCB6F4}.Release|Any CPU.ActiveCfg = Release|Any CPU
		{1642C2F2-9F78-44EA-98E0-BF82BEFCB6F4}.Release|Any CPU.Build.0 = Release|Any CPU
		{1E1D99D1-89BA-4DC0-AF45-A00AD1D67C09}.Debug|Any CPU.ActiveCfg = Debug|Any CPU
		{1E1D99D1-89BA-4DC0-AF45-A00AD1D67C09}.Debug|Any CPU.Build.0 = Debug|Any CPU
		{1E1D99D1-89BA-4DC0-AF45-A00AD1D67C09}.Release|Any CPU.ActiveCfg = Release|Any CPU
		{1E1D99D1-89BA-4DC0-AF45-A00AD1D67C09}.Release|Any CPU.Build.0 = Release|Any CPU
		{F2395E2F-BC50-4AE3-9AB4-1A439A7993D2}.Debug|Any CPU.ActiveCfg = Debug|Any CPU
		{F2395E2F-BC50-4AE3-9AB4-1A439A7993D2}.Debug|Any CPU.Build.0 = Debug|Any CPU
		{F2395E2F-BC50-4AE3-9AB4-1A439A7993D2}.Release|Any CPU.ActiveCfg = Release|Any CPU
		{F2395E2F-BC50-4AE3-9AB4-1A439A7993D2}.Release|Any CPU.Build.0 = Release|Any CPU
		{A3DF49BD-39DA-43CC-BEB7-FF614D974D81}.Debug|Any CPU.ActiveCfg = Debug|Any CPU
		{A3DF49BD-39DA-43CC-BEB7-FF614D974D81}.Debug|Any CPU.Build.0 = Debug|Any CPU
		{A3DF49BD-39DA-43CC-BEB7-FF614D974D81}.Release|Any CPU.ActiveCfg = Release|Any CPU
		{A3DF49BD-39DA-43CC-BEB7-FF614D974D81}.Release|Any CPU.Build.0 = Release|Any CPU
		{8864290F-909B-48B9-BE53-738E75DD3E2D}.Debug|Any CPU.ActiveCfg = Debug|Any CPU
		{8864290F-909B-48B9-BE53-738E75DD3E2D}.Debug|Any CPU.Build.0 = Debug|Any CPU
		{8864290F-909B-48B9-BE53-738E75DD3E2D}.Release|Any CPU.ActiveCfg = Release|Any CPU
		{8864290F-909B-48B9-BE53-738E75DD3E2D}.Release|Any CPU.Build.0 = Release|Any CPU
		{C666425F-212B-4076-9F3D-DDD6033023FD}.Debug|Any CPU.ActiveCfg = Debug|Any CPU
		{C666425F-212B-4076-9F3D-DDD6033023FD}.Debug|Any CPU.Build.0 = Debug|Any CPU
		{C666425F-212B-4076-9F3D-DDD6033023FD}.Release|Any CPU.ActiveCfg = Release|Any CPU
		{C666425F-212B-4076-9F3D-DDD6033023FD}.Release|Any CPU.Build.0 = Release|Any CPU
	EndGlobalSection
	GlobalSection(SolutionProperties) = preSolution
		HideSolutionNode = FALSE
	EndGlobalSection
	GlobalSection(NestedProjects) = preSolution
		{01D5304A-147D-4C06-8654-DF77BCDAFB0C} = {85BCB4D8-3354-4EF3-8E90-0DB09D2E2D66}
		{F63FAC16-762C-4856-AD71-34CE93367957} = {01D5304A-147D-4C06-8654-DF77BCDAFB0C}
		{11263988-ADEA-43F4-B096-59EE5CA295AA} = {01D5304A-147D-4C06-8654-DF77BCDAFB0C}
		{1642C2F2-9F78-44EA-98E0-BF82BEFCB6F4} = {01D5304A-147D-4C06-8654-DF77BCDAFB0C}
		{B7946D27-E65B-408E-AF67-2AB6DF07DA54} = {85BCB4D8-3354-4EF3-8E90-0DB09D2E2D66}
		{F2395E2F-BC50-4AE3-9AB4-1A439A7993D2} = {B7946D27-E65B-408E-AF67-2AB6DF07DA54}
		{C845B9C5-DDC7-4B2D-B03B-A626484C7B88} = {85BCB4D8-3354-4EF3-8E90-0DB09D2E2D66}
		{A3DF49BD-39DA-43CC-BEB7-FF614D974D81} = {C845B9C5-DDC7-4B2D-B03B-A626484C7B88}
		{F53E2AA3-A8E2-4B1A-95D5-6D7C6929835D} = {85BCB4D8-3354-4EF3-8E90-0DB09D2E2D66}
		{8864290F-909B-48B9-BE53-738E75DD3E2D} = {F53E2AA3-A8E2-4B1A-95D5-6D7C6929835D}
		{7BDBBC41-B932-4C2C-9A29-67B66CADCDE5} = {85BCB4D8-3354-4EF3-8E90-0DB09D2E2D66}
		{C666425F-212B-4076-9F3D-DDD6033023FD} = {7BDBBC41-B932-4C2C-9A29-67B66CADCDE5}
	EndGlobalSection
	GlobalSection(ExtensibilityGlobals) = postSolution
		SolutionGuid = {06FCA6A3-6AFC-4747-99DB-6FE71460D422}
	EndGlobalSection
EndGlobal
